// !$*UTF8*$!
{
	archiveVersion = 1;
	classes = {
	};
	objectVersion = 60;
	objects = {

/* Begin PBXBuildFile section */
		13006EDA2EA0648200E50A48 /* RequestProofViewVerifierConnectionLess.swift in Sources */ = {isa = PBXBuildFile; fileRef = 13006ED92EA0648100E50A48 /* RequestProofViewVerifierConnectionLess.swift */; };
		1332E3462F3223D80040A9DF /* AppConfig.swift in Sources */ = {isa = PBXBuildFile; fileRef = 1332E3452F3223D60040A9DF /* AppConfig.swift */; };
		1353DCF02D88B80100EB616A /* genesiscpqd.txn in Resources */ = {isa = PBXBuildFile; fileRef = 1353DCEF2D88B80100EB616A /* genesiscpqd.txn */; };
		136525792EEC40BA00B70F5D /* Anoncreds in Frameworks */ = {isa = PBXBuildFile; productRef = 136525782EEC40BA00B70F5D /* Anoncreds */; };
		138277F42EA24C2E00D895FB /* BluetoothView.swift in Sources */ = {isa = PBXBuildFile; fileRef = 138277F32EA24C2200D895FB /* BluetoothView.swift */; };
		138277F62EA24CCA00D895FB /* BluetoothHandler.swift in Sources */ = {isa = PBXBuildFile; fileRef = 138277F52EA24CC600D895FB /* BluetoothHandler.swift */; };
		138277F82EA2504200D895FB /* PresentationListView.swift in Sources */ = {isa = PBXBuildFile; fileRef = 138277F72EA2504000D895FB /* PresentationListView.swift */; };
		138277FA2EA250AC00D895FB /* PresentationHandler.swift in Sources */ = {isa = PBXBuildFile; fileRef = 138277F92EA250AB00D895FB /* PresentationHandler.swift */; };
		138277FC2EA2514900D895FB /* PresentationDetailViewOld.swift in Sources */ = {isa = PBXBuildFile; fileRef = 138277FB2EA2514800D895FB /* PresentationDetailViewOld.swift */; };
		138277FE2EA2904C00D895FB /* ReceivingPresentationViewOld.swift in Sources */ = {isa = PBXBuildFile; fileRef = 138277FD2EA2904C00D895FB /* ReceivingPresentationViewOld.swift */; };
		1383978B2EB0F87D00F55D72 /* besu_config.json in Resources */ = {isa = PBXBuildFile; fileRef = 1383978A2EB0F87600F55D72 /* besu_config.json */; };
		138397922EB1407500F55D72 /* IndyBesu in Frameworks */ = {isa = PBXBuildFile; productRef = 138397912EB1407500F55D72 /* IndyBesu */; };
		13890DB52EA0838000A8A50F /* VerifierProofView.swift in Sources */ = {isa = PBXBuildFile; fileRef = 13890DB42EA0837800A8A50F /* VerifierProofView.swift */; };
		13986DD12E9983EB006F8407 /* ConnectionsHistoricalView.swift in Sources */ = {isa = PBXBuildFile; fileRef = 13986DD02E9983EB006F8407 /* ConnectionsHistoricalView.swift */; };
		13986DD32E998C42006F8407 /* ConnectionHandler.swift in Sources */ = {isa = PBXBuildFile; fileRef = 13986DD22E998C3A006F8407 /* ConnectionHandler.swift */; };
		13986DD52E99901E006F8407 /* AppState.swift in Sources */ = {isa = PBXBuildFile; fileRef = 13986DD42E99901C006F8407 /* AppState.swift */; };
		139DA0722E8EAAB000D98AF1 /* CredentialDefinitionRegistry.json in Resources */ = {isa = PBXBuildFile; fileRef = 139DA06C2E8EAAB000D98AF1 /* CredentialDefinitionRegistry.json */; };
		139DA0732E8EAAB000D98AF1 /* EthereumExtDidRegistry.json in Resources */ = {isa = PBXBuildFile; fileRef = 139DA06D2E8EAAB000D98AF1 /* EthereumExtDidRegistry.json */; };
		139DA0742E8EAAB000D98AF1 /* RevocationRegistry.json in Resources */ = {isa = PBXBuildFile; fileRef = 139DA06F2E8EAAB000D98AF1 /* RevocationRegistry.json */; };
		139DA0752E8EAAB000D98AF1 /* SchemaRegistry.json in Resources */ = {isa = PBXBuildFile; fileRef = 139DA0702E8EAAB000D98AF1 /* SchemaRegistry.json */; };
		139DA0762E8EAAB000D98AF1 /* IndyDidRegistry.json in Resources */ = {isa = PBXBuildFile; fileRef = 139DA06E2E8EAAB000D98AF1 /* IndyDidRegistry.json */; };
		13A19B382EBD225A00AEA41F /* ReceivedPresentationView.swift in Sources */ = {isa = PBXBuildFile; fileRef = 13A19B372EBD221F00AEA41F /* ReceivedPresentationView.swift */; };
		13A19B3A2EBD227300AEA41F /* ReceivedPresentationDetailView.swift in Sources */ = {isa = PBXBuildFile; fileRef = 13A19B392EBD227200AEA41F /* ReceivedPresentationDetailView.swift */; };
		13A19B3D2EBD290300AEA41F /* VerifierHandler.swift in Sources */ = {isa = PBXBuildFile; fileRef = 13A19B3C2EBD290200AEA41F /* VerifierHandler.swift */; };
		13A1F5D12E9BE798002C7F6E /* InvitationView.swift in Sources */ = {isa = PBXBuildFile; fileRef = 13A1F5D02E9BE794002C7F6E /* InvitationView.swift */; };
		13A1F5D32E9BE7BC002C7F6E /* InvitationHandler.swift in Sources */ = {isa = PBXBuildFile; fileRef = 13A1F5D22E9BE7B9002C7F6E /* InvitationHandler.swift */; };
		13A1F5D52E9BEB33002C7F6E /* Config.xcconfig in Resources */ = {isa = PBXBuildFile; fileRef = 13A1F5D42E9BEB26002C7F6E /* Config.xcconfig */; };
		13C2A0CB2E9BFBEB00305366 /* ConnectionDetailView.swift in Sources */ = {isa = PBXBuildFile; fileRef = 13C2A0CA2E9BFBE300305366 /* ConnectionDetailView.swift */; };
		13C2A0CD2E9BFDA000305366 /* ProofHandler.swift in Sources */ = {isa = PBXBuildFile; fileRef = 13C2A0CC2E9BFD9A00305366 /* ProofHandler.swift */; };
		13CA144B2ECDDA6B008EC778 /* PresentationDetailView.swift in Sources */ = {isa = PBXBuildFile; fileRef = 13CA144A2ECDDA66008EC778 /* PresentationDetailView.swift */; };
		13CA144D2ECDDE1F008EC778 /* ReceivingPresentationView.swift in Sources */ = {isa = PBXBuildFile; fileRef = 13CA144C2ECDDE1E008EC778 /* ReceivingPresentationView.swift */; };
		13D0C10C2E9EB0930061F685 /* NotificationsView.swift in Sources */ = {isa = PBXBuildFile; fileRef = 13D0C10B2E9EB0920061F685 /* NotificationsView.swift */; };
		13D0C1102E9EB2400061F685 /* NotificationHandler.swift in Sources */ = {isa = PBXBuildFile; fileRef = 13D0C10F2E9EB23C0061F685 /* NotificationHandler.swift */; };
		13D0C1122E9ED1A40061F685 /* RequestProofView.swift in Sources */ = {isa = PBXBuildFile; fileRef = 13D0C1112E9ED19B0061F685 /* RequestProofView.swift */; };
		13D1C1302E9D5DF6006F96F9 /* ProofListView.swift in Sources */ = {isa = PBXBuildFile; fileRef = 13D1C12F2E9D5DF3006F96F9 /* ProofListView.swift */; };
		13D1C1322E9D5E9B006F96F9 /* ProofDetailView.swift in Sources */ = {isa = PBXBuildFile; fileRef = 13D1C1312E9D5E9A006F96F9 /* ProofDetailView.swift */; };
		13DAEF342EC4B70F007E2DA7 /* ProofDetailLoaderView.swift in Sources */ = {isa = PBXBuildFile; fileRef = 13DAEF332EC4B70D007E2DA7 /* ProofDetailLoaderView.swift */; };
		13F71D852EC5FA8C00ABFCDD /* LoggedOutView.swift in Sources */ = {isa = PBXBuildFile; fileRef = 13F71D842EC5FA8A00ABFCDD /* LoggedOutView.swift */; };
		BB06E2FF2AFA12B800C4A04A /* AriesFramework in Frameworks */ = {isa = PBXBuildFile; productRef = BB06E2FE2AFA12B800C4A04A /* AriesFramework */; };
		BB53D9E92952C958007D9952 /* CodeScanner in Frameworks */ = {isa = PBXBuildFile; productRef = BB53D9E82952C958007D9952 /* CodeScanner */; };
		BB5C467F270C1501008D77AE /* wallet_app_iosApp.swift in Sources */ = {isa = PBXBuildFile; fileRef = BB5C467E270C1501008D77AE /* wallet_app_iosApp.swift */; };
		BB5C4681270C1501008D77AE /* WalletMainView.swift in Sources */ = {isa = PBXBuildFile; fileRef = BB5C4680270C1501008D77AE /* WalletMainView.swift */; };
		BB5C4683270C1506008D77AE /* Assets.xcassets in Resources */ = {isa = PBXBuildFile; fileRef = BB5C4682270C1506008D77AE /* Assets.xcassets */; };
		BB5C4686270C1506008D77AE /* Preview Assets.xcassets in Resources */ = {isa = PBXBuildFile; fileRef = BB5C4685270C1506008D77AE /* Preview Assets.xcassets */; };
		BB5C468D270C390E008D77AE /* CredentialListView.swift in Sources */ = {isa = PBXBuildFile; fileRef = BB5C468C270C390E008D77AE /* CredentialListView.swift */; };
		BB5C468F270C4181008D77AE /* CredentialDetailView.swift in Sources */ = {isa = PBXBuildFile; fileRef = BB5C468E270C4181008D77AE /* CredentialDetailView.swift */; };
		BB8C9BE8272FFAAE005D9284 /* CredentialHandler.swift in Sources */ = {isa = PBXBuildFile; fileRef = BB8C9BE7272FFAAE005D9284 /* CredentialHandler.swift */; };
		BB90F26728F92DA20066AE87 /* bcovrin-genesis.txn in Resources */ = {isa = PBXBuildFile; fileRef = BB90F26528F92D990066AE87 /* bcovrin-genesis.txn */; };
		BB90F26828F92DA20066AE87 /* local-genesis.txn in Resources */ = {isa = PBXBuildFile; fileRef = BB90F26628F92DA10066AE87 /* local-genesis.txn */; };
		BBB509D628ED680700A6405A /* WalletOpener.swift in Sources */ = {isa = PBXBuildFile; fileRef = BBB509D528ED680700A6405A /* WalletOpener.swift */; };
		BBB509D828ED682000A6405A /* OpenWalletView.swift in Sources */ = {isa = PBXBuildFile; fileRef = BBB509D728ED681F00A6405A /* OpenWalletView.swift */; };
		BBB9FD232C2D4F1B008FD38D /* RequestProofViewComunity.swift in Sources */ = {isa = PBXBuildFile; fileRef = BBB9FD222C2D4F1B008FD38D /* RequestProofViewComunity.swift */; };
		BBD7B25127181C4300C3FB6C /* QRCodeHandler.swift in Sources */ = {isa = PBXBuildFile; fileRef = BBD7B25027181C4300C3FB6C /* QRCodeHandler.swift */; };
/* End PBXBuildFile section */

/* Begin PBXCopyFilesBuildPhase section */
		138397932EB1475F00F55D72 /* CopyFiles */ = {
			isa = PBXCopyFilesBuildPhase;
			buildActionMask = 2147483647;
			dstPath = "";
			dstSubfolderSpec = 10;
			files = (
			);
			runOnlyForDeploymentPostprocessing = 0;
		};
/* End PBXCopyFilesBuildPhase section */

/* Begin PBXFileReference section */
		13006ED92EA0648100E50A48 /* RequestProofViewVerifierConnectionLess.swift */ = {isa = PBXFileReference; lastKnownFileType = sourcecode.swift; path = RequestProofViewVerifierConnectionLess.swift; sourceTree = "<group>"; };
		13023ED82E9BF23C003FE97C /* Info.plist */ = {isa = PBXFileReference; lastKnownFileType = text.plist; path = Info.plist; sourceTree = "<group>"; };
		1332E3452F3223D60040A9DF /* AppConfig.swift */ = {isa = PBXFileReference; lastKnownFileType = sourcecode.swift; path = AppConfig.swift; sourceTree = "<group>"; };
		1353DCEF2D88B80100EB616A /* genesiscpqd.txn */ = {isa = PBXFileReference; lastKnownFileType = text; path = genesiscpqd.txn; sourceTree = "<group>"; };
		138277F32EA24C2200D895FB /* BluetoothView.swift */ = {isa = PBXFileReference; lastKnownFileType = sourcecode.swift; path = BluetoothView.swift; sourceTree = "<group>"; };
		138277F52EA24CC600D895FB /* BluetoothHandler.swift */ = {isa = PBXFileReference; lastKnownFileType = sourcecode.swift; path = BluetoothHandler.swift; sourceTree = "<group>"; };
		138277F72EA2504000D895FB /* PresentationListView.swift */ = {isa = PBXFileReference; lastKnownFileType = sourcecode.swift; path = PresentationListView.swift; sourceTree = "<group>"; };
		138277F92EA250AB00D895FB /* PresentationHandler.swift */ = {isa = PBXFileReference; lastKnownFileType = sourcecode.swift; path = PresentationHandler.swift; sourceTree = "<group>"; };
		138277FB2EA2514800D895FB /* PresentationDetailViewOld.swift */ = {isa = PBXFileReference; lastKnownFileType = sourcecode.swift; path = PresentationDetailViewOld.swift; sourceTree = "<group>"; };
		138277FD2EA2904C00D895FB /* ReceivingPresentationViewOld.swift */ = {isa = PBXFileReference; lastKnownFileType = sourcecode.swift; path = ReceivingPresentationViewOld.swift; sourceTree = "<group>"; };
		1383978A2EB0F87600F55D72 /* besu_config.json */ = {isa = PBXFileReference; lastKnownFileType = text.json; path = besu_config.json; sourceTree = "<group>"; };
		138397942EB147B200F55D72 /* Package.swift */ = {isa = PBXFileReference; lastKnownFileType = sourcecode.swift; name = Package.swift; path = "../packages/indy-besu/Package.swift"; sourceTree = "<group>"; };
		13890DB42EA0837800A8A50F /* VerifierProofView.swift */ = {isa = PBXFileReference; lastKnownFileType = sourcecode.swift; path = VerifierProofView.swift; sourceTree = "<group>"; };
		13986DD02E9983EB006F8407 /* ConnectionsHistoricalView.swift */ = {isa = PBXFileReference; lastKnownFileType = sourcecode.swift; path = ConnectionsHistoricalView.swift; sourceTree = "<group>"; };
		13986DD22E998C3A006F8407 /* ConnectionHandler.swift */ = {isa = PBXFileReference; lastKnownFileType = sourcecode.swift; path = ConnectionHandler.swift; sourceTree = "<group>"; };
		13986DD42E99901C006F8407 /* AppState.swift */ = {isa = PBXFileReference; lastKnownFileType = sourcecode.swift; path = AppState.swift; sourceTree = "<group>"; };
		139DA06C2E8EAAB000D98AF1 /* CredentialDefinitionRegistry.json */ = {isa = PBXFileReference; lastKnownFileType = text.json; path = CredentialDefinitionRegistry.json; sourceTree = "<group>"; };
		139DA06D2E8EAAB000D98AF1 /* EthereumExtDidRegistry.json */ = {isa = PBXFileReference; lastKnownFileType = text.json; path = EthereumExtDidRegistry.json; sourceTree = "<group>"; };
		139DA06E2E8EAAB000D98AF1 /* IndyDidRegistry.json */ = {isa = PBXFileReference; lastKnownFileType = text.json; path = IndyDidRegistry.json; sourceTree = "<group>"; };
		139DA06F2E8EAAB000D98AF1 /* RevocationRegistry.json */ = {isa = PBXFileReference; lastKnownFileType = text.json; path = RevocationRegistry.json; sourceTree = "<group>"; };
		139DA0702E8EAAB000D98AF1 /* SchemaRegistry.json */ = {isa = PBXFileReference; lastKnownFileType = text.json; path = SchemaRegistry.json; sourceTree = "<group>"; };
		13A19B372EBD221F00AEA41F /* ReceivedPresentationView.swift */ = {isa = PBXFileReference; lastKnownFileType = sourcecode.swift; path = ReceivedPresentationView.swift; sourceTree = "<group>"; };
		13A19B392EBD227200AEA41F /* ReceivedPresentationDetailView.swift */ = {isa = PBXFileReference; lastKnownFileType = sourcecode.swift; path = ReceivedPresentationDetailView.swift; sourceTree = "<group>"; };
		13A19B3C2EBD290200AEA41F /* VerifierHandler.swift */ = {isa = PBXFileReference; lastKnownFileType = sourcecode.swift; path = VerifierHandler.swift; sourceTree = "<group>"; };
		13A1F5D02E9BE794002C7F6E /* InvitationView.swift */ = {isa = PBXFileReference; lastKnownFileType = sourcecode.swift; path = InvitationView.swift; sourceTree = "<group>"; };
		13A1F5D22E9BE7B9002C7F6E /* InvitationHandler.swift */ = {isa = PBXFileReference; lastKnownFileType = sourcecode.swift; path = InvitationHandler.swift; sourceTree = "<group>"; };
		13A1F5D42E9BEB26002C7F6E /* Config.xcconfig */ = {isa = PBXFileReference; lastKnownFileType = text.xcconfig; path = Config.xcconfig; sourceTree = "<group>"; };
		13C2A0CA2E9BFBE300305366 /* ConnectionDetailView.swift */ = {isa = PBXFileReference; lastKnownFileType = sourcecode.swift; path = ConnectionDetailView.swift; sourceTree = "<group>"; };
		13C2A0CC2E9BFD9A00305366 /* ProofHandler.swift */ = {isa = PBXFileReference; lastKnownFileType = sourcecode.swift; path = ProofHandler.swift; sourceTree = "<group>"; };
		13CA144A2ECDDA66008EC778 /* PresentationDetailView.swift */ = {isa = PBXFileReference; lastKnownFileType = sourcecode.swift; path = PresentationDetailView.swift; sourceTree = "<group>"; };
		13CA144C2ECDDE1E008EC778 /* ReceivingPresentationView.swift */ = {isa = PBXFileReference; lastKnownFileType = sourcecode.swift; path = ReceivingPresentationView.swift; sourceTree = "<group>"; };
		13D0C10B2E9EB0920061F685 /* NotificationsView.swift */ = {isa = PBXFileReference; lastKnownFileType = sourcecode.swift; path = NotificationsView.swift; sourceTree = "<group>"; };
		13D0C10F2E9EB23C0061F685 /* NotificationHandler.swift */ = {isa = PBXFileReference; lastKnownFileType = sourcecode.swift; path = NotificationHandler.swift; sourceTree = "<group>"; };
		13D0C1112E9ED19B0061F685 /* RequestProofView.swift */ = {isa = PBXFileReference; lastKnownFileType = sourcecode.swift; path = RequestProofView.swift; sourceTree = "<group>"; };
		13D1C12F2E9D5DF3006F96F9 /* ProofListView.swift */ = {isa = PBXFileReference; lastKnownFileType = sourcecode.swift; path = ProofListView.swift; sourceTree = "<group>"; };
		13D1C1312E9D5E9A006F96F9 /* ProofDetailView.swift */ = {isa = PBXFileReference; lastKnownFileType = sourcecode.swift; path = ProofDetailView.swift; sourceTree = "<group>"; };
		13DAEF332EC4B70D007E2DA7 /* ProofDetailLoaderView.swift */ = {isa = PBXFileReference; lastKnownFileType = sourcecode.swift; path = ProofDetailLoaderView.swift; sourceTree = "<group>"; };
		13F71D842EC5FA8A00ABFCDD /* LoggedOutView.swift */ = {isa = PBXFileReference; lastKnownFileType = sourcecode.swift; path = LoggedOutView.swift; sourceTree = "<group>"; };
		BB06E2FC2AFA129700C4A04A /* aries-framework-swift */ = {isa = PBXFileReference; lastKnownFileType = wrapper; name = "aries-framework-swift"; path = ..; sourceTree = "<group>"; };
		BB5C467B270C1500008D77AE /* wallet-app-ios.app */ = {isa = PBXFileReference; explicitFileType = wrapper.application; includeInIndex = 0; path = "wallet-app-ios.app"; sourceTree = BUILT_PRODUCTS_DIR; };
		BB5C467E270C1501008D77AE /* wallet_app_iosApp.swift */ = {isa = PBXFileReference; lastKnownFileType = sourcecode.swift; path = wallet_app_iosApp.swift; sourceTree = "<group>"; };
		BB5C4680270C1501008D77AE /* WalletMainView.swift */ = {isa = PBXFileReference; lastKnownFileType = sourcecode.swift; path = WalletMainView.swift; sourceTree = "<group>"; };
		BB5C4682270C1506008D77AE /* Assets.xcassets */ = {isa = PBXFileReference; lastKnownFileType = folder.assetcatalog; path = Assets.xcassets; sourceTree = "<group>"; };
		BB5C4685270C1506008D77AE /* Preview Assets.xcassets */ = {isa = PBXFileReference; lastKnownFileType = folder.assetcatalog; path = "Preview Assets.xcassets"; sourceTree = "<group>"; };
		BB5C468C270C390E008D77AE /* CredentialListView.swift */ = {isa = PBXFileReference; lastKnownFileType = sourcecode.swift; path = CredentialListView.swift; sourceTree = "<group>"; };
		BB5C468E270C4181008D77AE /* CredentialDetailView.swift */ = {isa = PBXFileReference; lastKnownFileType = sourcecode.swift; path = CredentialDetailView.swift; sourceTree = "<group>"; };
		BB8C9BE7272FFAAE005D9284 /* CredentialHandler.swift */ = {isa = PBXFileReference; lastKnownFileType = sourcecode.swift; path = CredentialHandler.swift; sourceTree = "<group>"; };
		BB90F26528F92D990066AE87 /* bcovrin-genesis.txn */ = {isa = PBXFileReference; fileEncoding = 4; lastKnownFileType = text; path = "bcovrin-genesis.txn"; sourceTree = "<group>"; };
		BB90F26628F92DA10066AE87 /* local-genesis.txn */ = {isa = PBXFileReference; fileEncoding = 4; lastKnownFileType = text; path = "local-genesis.txn"; sourceTree = "<group>"; };
		BBB509D528ED680700A6405A /* WalletOpener.swift */ = {isa = PBXFileReference; fileEncoding = 4; lastKnownFileType = sourcecode.swift; path = WalletOpener.swift; sourceTree = "<group>"; };
		BBB509D728ED681F00A6405A /* OpenWalletView.swift */ = {isa = PBXFileReference; fileEncoding = 4; lastKnownFileType = sourcecode.swift; path = OpenWalletView.swift; sourceTree = "<group>"; };
		BBB9FD222C2D4F1B008FD38D /* RequestProofViewComunity.swift */ = {isa = PBXFileReference; lastKnownFileType = sourcecode.swift; path = RequestProofViewComunity.swift; sourceTree = "<group>"; };
		BBD7B25027181C4300C3FB6C /* QRCodeHandler.swift */ = {isa = PBXFileReference; lastKnownFileType = sourcecode.swift; path = QRCodeHandler.swift; sourceTree = "<group>"; };
/* End PBXFileReference section */

/* Begin PBXFrameworksBuildPhase section */
		BB5C4678270C1500008D77AE /* Frameworks */ = {
			isa = PBXFrameworksBuildPhase;
			buildActionMask = 2147483647;
			files = (
				BB06E2FF2AFA12B800C4A04A /* AriesFramework in Frameworks */,
				138397922EB1407500F55D72 /* IndyBesu in Frameworks */,
				136525792EEC40BA00B70F5D /* Anoncreds in Frameworks */,
				BB53D9E92952C958007D9952 /* CodeScanner in Frameworks */,
			);
			runOnlyForDeploymentPostprocessing = 0;
		};
/* End PBXFrameworksBuildPhase section */

/* Begin PBXGroup section */
		139DA0712E8EAAB000D98AF1 /* abi */ = {
			isa = PBXGroup;
			children = (
				139DA06C2E8EAAB000D98AF1 /* CredentialDefinitionRegistry.json */,
				139DA06D2E8EAAB000D98AF1 /* EthereumExtDidRegistry.json */,
				139DA06E2E8EAAB000D98AF1 /* IndyDidRegistry.json */,
				139DA06F2E8EAAB000D98AF1 /* RevocationRegistry.json */,
				139DA0702E8EAAB000D98AF1 /* SchemaRegistry.json */,
			);
			path = abi;
			sourceTree = "<group>";
		};
		BB06E2FB2AFA129700C4A04A /* Packages */ = {
			isa = PBXGroup;
			children = (
				BB06E2FC2AFA129700C4A04A /* aries-framework-swift */,
			);
			name = Packages;
			sourceTree = "<group>";
		};
		BB06E2FD2AFA12B800C4A04A /* Frameworks */ = {
			isa = PBXGroup;
			children = (
			);
			name = Frameworks;
			sourceTree = "<group>";
		};
		BB5C4672270C1500008D77AE = {
			isa = PBXGroup;
			children = (
				138397942EB147B200F55D72 /* Package.swift */,
				BB06E2FB2AFA129700C4A04A /* Packages */,
				BB5C467D270C1500008D77AE /* wallet-app-ios */,
				BB5C467C270C1500008D77AE /* Products */,
				BB06E2FD2AFA12B800C4A04A /* Frameworks */,
			);
			sourceTree = "<group>";
		};
		BB5C467C270C1500008D77AE /* Products */ = {
			isa = PBXGroup;
			children = (
				BB5C467B270C1500008D77AE /* wallet-app-ios.app */,
			);
			name = Products;
			sourceTree = "<group>";
		};
		BB5C467D270C1500008D77AE /* wallet-app-ios */ = {
			isa = PBXGroup;
			children = (
				1332E3452F3223D60040A9DF /* AppConfig.swift */,
				13F71D842EC5FA8A00ABFCDD /* LoggedOutView.swift */,
				13DAEF332EC4B70D007E2DA7 /* ProofDetailLoaderView.swift */,
				13023ED82E9BF23C003FE97C /* Info.plist */,
				BB90F26428F92C520066AE87 /* resources */,
				BB5C467E270C1501008D77AE /* wallet_app_iosApp.swift */,
				13006ED92EA0648100E50A48 /* RequestProofViewVerifierConnectionLess.swift */,
				13D1C1312E9D5E9A006F96F9 /* ProofDetailView.swift */,
				13D1C12F2E9D5DF3006F96F9 /* ProofListView.swift */,
				13D0C1112E9ED19B0061F685 /* RequestProofView.swift */,
				13890DB42EA0837800A8A50F /* VerifierProofView.swift */,
				138277F32EA24C2200D895FB /* BluetoothView.swift */,
				138277F52EA24CC600D895FB /* BluetoothHandler.swift */,
				138277F92EA250AB00D895FB /* PresentationHandler.swift */,
				138277F72EA2504000D895FB /* PresentationListView.swift */,
				13CA144A2ECDDA66008EC778 /* PresentationDetailView.swift */,
				138277FB2EA2514800D895FB /* PresentationDetailViewOld.swift */,
				13CA144C2ECDDE1E008EC778 /* ReceivingPresentationView.swift */,
				138277FD2EA2904C00D895FB /* ReceivingPresentationViewOld.swift */,
				13C2A0CC2E9BFD9A00305366 /* ProofHandler.swift */,
				13A19B3C2EBD290200AEA41F /* VerifierHandler.swift */,
				13A19B372EBD221F00AEA41F /* ReceivedPresentationView.swift */,
				13A19B392EBD227200AEA41F /* ReceivedPresentationDetailView.swift */,
				13A1F5D02E9BE794002C7F6E /* InvitationView.swift */,
				13A1F5D22E9BE7B9002C7F6E /* InvitationHandler.swift */,
				13986DD02E9983EB006F8407 /* ConnectionsHistoricalView.swift */,
				13986DD22E998C3A006F8407 /* ConnectionHandler.swift */,
				13C2A0CA2E9BFBE300305366 /* ConnectionDetailView.swift */,
				BB5C468E270C4181008D77AE /* CredentialDetailView.swift */,
				BB5C468C270C390E008D77AE /* CredentialListView.swift */,
				BB8C9BE7272FFAAE005D9284 /* CredentialHandler.swift */,
				13D0C10B2E9EB0920061F685 /* NotificationsView.swift */,
				13D0C10F2E9EB23C0061F685 /* NotificationHandler.swift */,
				BB5C4680270C1501008D77AE /* WalletMainView.swift */,
				BBB509D728ED681F00A6405A /* OpenWalletView.swift */,
				BBB9FD222C2D4F1B008FD38D /* RequestProofViewComunity.swift */,
				BBD7B25027181C4300C3FB6C /* QRCodeHandler.swift */,
				13986DD42E99901C006F8407 /* AppState.swift */,
				BBB509D528ED680700A6405A /* WalletOpener.swift */,
				13A1F5D42E9BEB26002C7F6E /* Config.xcconfig */,
				BB5C4682270C1506008D77AE /* Assets.xcassets */,
				BB5C4684270C1506008D77AE /* Preview Content */,
			);
			path = "wallet-app-ios";
			sourceTree = "<group>";
		};
		BB5C4684270C1506008D77AE /* Preview Content */ = {
			isa = PBXGroup;
			children = (
				BB5C4685270C1506008D77AE /* Preview Assets.xcassets */,
			);
			path = "Preview Content";
			sourceTree = "<group>";
		};
		BB90F26428F92C520066AE87 /* resources */ = {
			isa = PBXGroup;
			children = (
				1383978A2EB0F87600F55D72 /* besu_config.json */,
				BB90F26528F92D990066AE87 /* bcovrin-genesis.txn */,
				BB90F26628F92DA10066AE87 /* local-genesis.txn */,
				1353DCEF2D88B80100EB616A /* genesiscpqd.txn */,
				139DA0712E8EAAB000D98AF1 /* abi */,
			);
			path = resources;
			sourceTree = "<group>";
		};
/* End PBXGroup section */

/* Begin PBXNativeTarget section */
		BB5C467A270C1500008D77AE /* wallet-app-ios */ = {
			isa = PBXNativeTarget;
			buildConfigurationList = BB5C4689270C1506008D77AE /* Build configuration list for PBXNativeTarget "wallet-app-ios" */;
			buildPhases = (
				BB5C4677270C1500008D77AE /* Sources */,
				BB5C4678270C1500008D77AE /* Frameworks */,
				BB5C4679270C1500008D77AE /* Resources */,
				138397932EB1475F00F55D72 /* CopyFiles */,
			);
			buildRules = (
			);
			dependencies = (
			);
			name = "wallet-app-ios";
			packageProductDependencies = (
				BB53D9E82952C958007D9952 /* CodeScanner */,
				BB06E2FE2AFA12B800C4A04A /* AriesFramework */,
				138397912EB1407500F55D72 /* IndyBesu */,
				136525782EEC40BA00B70F5D /* Anoncreds */,
			);
			productName = "wallet-app-ios";
			productReference = BB5C467B270C1500008D77AE /* wallet-app-ios.app */;
			productType = "com.apple.product-type.application";
		};
/* End PBXNativeTarget section */

/* Begin PBXProject section */
		BB5C4673270C1500008D77AE /* Project object */ = {
			isa = PBXProject;
			attributes = {
				BuildIndependentTargetsInParallel = 1;
				LastSwiftUpdateCheck = 1300;
				LastUpgradeCheck = 1300;
				TargetAttributes = {
					BB5C467A270C1500008D77AE = {
						CreatedOnToolsVersion = 13.0;
					};
				};
			};
			buildConfigurationList = BB5C4676270C1500008D77AE /* Build configuration list for PBXProject "wallet-app-ios" */;
			compatibilityVersion = "Xcode 13.0";
			developmentRegion = en;
			hasScannedForEncodings = 0;
			knownRegions = (
				en,
				Base,
			);
			mainGroup = BB5C4672270C1500008D77AE;
			packageReferences = (
				BB53D9E72952C958007D9952 /* XCRemoteSwiftPackageReference "CodeScanner" */,
				BB06E3002AFA12B800C4A04A /* XCLocalSwiftPackageReference ".." */,
				138397902EB1407500F55D72 /* XCLocalSwiftPackageReference "../packages/indy-besu" */,
				136525772EEC40BA00B70F5D /* XCLocalSwiftPackageReference "../packages/anoncreds" */,
			);
			productRefGroup = BB5C467C270C1500008D77AE /* Products */;
			projectDirPath = "";
			projectRoot = "";
			targets = (
				BB5C467A270C1500008D77AE /* wallet-app-ios */,
			);
		};
/* End PBXProject section */

/* Begin PBXResourcesBuildPhase section */
		BB5C4679270C1500008D77AE /* Resources */ = {
			isa = PBXResourcesBuildPhase;
			buildActionMask = 2147483647;
			files = (
				1383978B2EB0F87D00F55D72 /* besu_config.json in Resources */,
				1353DCF02D88B80100EB616A /* genesiscpqd.txn in Resources */,
				BB5C4686270C1506008D77AE /* Preview Assets.xcassets in Resources */,
				139DA0722E8EAAB000D98AF1 /* CredentialDefinitionRegistry.json in Resources */,
				13A1F5D52E9BEB33002C7F6E /* Config.xcconfig in Resources */,
				139DA0732E8EAAB000D98AF1 /* EthereumExtDidRegistry.json in Resources */,
				139DA0742E8EAAB000D98AF1 /* RevocationRegistry.json in Resources */,
				139DA0752E8EAAB000D98AF1 /* SchemaRegistry.json in Resources */,
				139DA0762E8EAAB000D98AF1 /* IndyDidRegistry.json in Resources */,
				BB90F26728F92DA20066AE87 /* bcovrin-genesis.txn in Resources */,
				BB5C4683270C1506008D77AE /* Assets.xcassets in Resources */,
				BB90F26828F92DA20066AE87 /* local-genesis.txn in Resources */,
			);
			runOnlyForDeploymentPostprocessing = 0;
		};
/* End PBXResourcesBuildPhase section */

/* Begin PBXSourcesBuildPhase section */
		BB5C4677270C1500008D77AE /* Sources */ = {
			isa = PBXSourcesBuildPhase;
			buildActionMask = 2147483647;
			files = (
				13D1C1322E9D5E9B006F96F9 /* ProofDetailView.swift in Sources */,
				138277FA2EA250AC00D895FB /* PresentationHandler.swift in Sources */,
				13006EDA2EA0648200E50A48 /* RequestProofViewVerifierConnectionLess.swift in Sources */,
				138277FE2EA2904C00D895FB /* ReceivingPresentationViewOld.swift in Sources */,
				13D1C1302E9D5DF6006F96F9 /* ProofListView.swift in Sources */,
				13A19B3D2EBD290300AEA41F /* VerifierHandler.swift in Sources */,
				13F71D852EC5FA8C00ABFCDD /* LoggedOutView.swift in Sources */,
				13D0C1102E9EB2400061F685 /* NotificationHandler.swift in Sources */,
				BBB509D828ED682000A6405A /* OpenWalletView.swift in Sources */,
				13CA144D2ECDDE1F008EC778 /* ReceivingPresentationView.swift in Sources */,
				13C2A0CD2E9BFDA000305366 /* ProofHandler.swift in Sources */,
				BBD7B25127181C4300C3FB6C /* QRCodeHandler.swift in Sources */,
				13CA144B2ECDDA6B008EC778 /* PresentationDetailView.swift in Sources */,
				138277F82EA2504200D895FB /* PresentationListView.swift in Sources */,
				BBB9FD232C2D4F1B008FD38D /* RequestProofViewComunity.swift in Sources */,
				13986DD52E99901E006F8407 /* AppState.swift in Sources */,
				13C2A0CB2E9BFBEB00305366 /* ConnectionDetailView.swift in Sources */,
				13DAEF342EC4B70F007E2DA7 /* ProofDetailLoaderView.swift in Sources */,
				13890DB52EA0838000A8A50F /* VerifierProofView.swift in Sources */,
				BB5C468D270C390E008D77AE /* CredentialListView.swift in Sources */,
				BB5C4681270C1501008D77AE /* WalletMainView.swift in Sources */,
				13D0C10C2E9EB0930061F685 /* NotificationsView.swift in Sources */,
				13A19B3A2EBD227300AEA41F /* ReceivedPresentationDetailView.swift in Sources */,
				BB5C468F270C4181008D77AE /* CredentialDetailView.swift in Sources */,
				BB8C9BE8272FFAAE005D9284 /* CredentialHandler.swift in Sources */,
				1332E3462F3223D80040A9DF /* AppConfig.swift in Sources */,
				BBB509D628ED680700A6405A /* WalletOpener.swift in Sources */,
				138277FC2EA2514900D895FB /* PresentationDetailViewOld.swift in Sources */,
				13A19B382EBD225A00AEA41F /* ReceivedPresentationView.swift in Sources */,
				13A1F5D12E9BE798002C7F6E /* InvitationView.swift in Sources */,
				13986DD12E9983EB006F8407 /* ConnectionsHistoricalView.swift in Sources */,
				13A1F5D32E9BE7BC002C7F6E /* InvitationHandler.swift in Sources */,
				13986DD32E998C42006F8407 /* ConnectionHandler.swift in Sources */,
				BB5C467F270C1501008D77AE /* wallet_app_iosApp.swift in Sources */,
				13D0C1122E9ED1A40061F685 /* RequestProofView.swift in Sources */,
				138277F42EA24C2E00D895FB /* BluetoothView.swift in Sources */,
				138277F62EA24CCA00D895FB /* BluetoothHandler.swift in Sources */,
			);
			runOnlyForDeploymentPostprocessing = 0;
		};
/* End PBXSourcesBuildPhase section */

/* Begin XCBuildConfiguration section */
		BB5C4687270C1506008D77AE /* Debug */ = {
			isa = XCBuildConfiguration;
			baseConfigurationReference = 13A1F5D42E9BEB26002C7F6E /* Config.xcconfig */;
			buildSettings = {
				ALWAYS_SEARCH_USER_PATHS = NO;
				CLANG_ANALYZER_NONNULL = YES;
				CLANG_ANALYZER_NUMBER_OBJECT_CONVERSION = YES_AGGRESSIVE;
				CLANG_CXX_LANGUAGE_STANDARD = "gnu++17";
				CLANG_CXX_LIBRARY = "libc++";
				CLANG_ENABLE_MODULES = YES;
				CLANG_ENABLE_OBJC_ARC = YES;
				CLANG_ENABLE_OBJC_WEAK = YES;
				CLANG_WARN_BLOCK_CAPTURE_AUTORELEASING = YES;
				CLANG_WARN_BOOL_CONVERSION = YES;
				CLANG_WARN_COMMA = YES;
				CLANG_WARN_CONSTANT_CONVERSION = YES;
				CLANG_WARN_DEPRECATED_OBJC_IMPLEMENTATIONS = YES;
				CLANG_WARN_DIRECT_OBJC_ISA_USAGE = YES_ERROR;
				CLANG_WARN_DOCUMENTATION_COMMENTS = YES;
				CLANG_WARN_EMPTY_BODY = YES;
				CLANG_WARN_ENUM_CONVERSION = YES;
				CLANG_WARN_INFINITE_RECURSION = YES;
				CLANG_WARN_INT_CONVERSION = YES;
				CLANG_WARN_NON_LITERAL_NULL_CONVERSION = YES;
				CLANG_WARN_OBJC_IMPLICIT_RETAIN_SELF = YES;
				CLANG_WARN_OBJC_LITERAL_CONVERSION = YES;
				CLANG_WARN_OBJC_ROOT_CLASS = YES_ERROR;
				CLANG_WARN_QUOTED_INCLUDE_IN_FRAMEWORK_HEADER = YES;
				CLANG_WARN_RANGE_LOOP_ANALYSIS = YES;
				CLANG_WARN_STRICT_PROTOTYPES = YES;
				CLANG_WARN_SUSPICIOUS_MOVE = YES;
				CLANG_WARN_UNGUARDED_AVAILABILITY = YES_AGGRESSIVE;
				CLANG_WARN_UNREACHABLE_CODE = YES;
				CLANG_WARN__DUPLICATE_METHOD_MATCH = YES;
				COPY_PHASE_STRIP = NO;
				DEBUG_INFORMATION_FORMAT = dwarf;
				ENABLE_STRICT_OBJC_MSGSEND = YES;
				ENABLE_TESTABILITY = YES;
				GCC_C_LANGUAGE_STANDARD = gnu11;
				GCC_DYNAMIC_NO_PIC = NO;
				GCC_NO_COMMON_BLOCKS = YES;
				GCC_OPTIMIZATION_LEVEL = 0;
				GCC_PREPROCESSOR_DEFINITIONS = (
					"DEBUG=1",
					"$(inherited)",
				);
				GCC_WARN_64_TO_32_BIT_CONVERSION = YES;
				GCC_WARN_ABOUT_RETURN_TYPE = YES_ERROR;
				GCC_WARN_UNDECLARED_SELECTOR = YES;
				GCC_WARN_UNINITIALIZED_AUTOS = YES_AGGRESSIVE;
				GCC_WARN_UNUSED_FUNCTION = YES;
				GCC_WARN_UNUSED_VARIABLE = YES;
				IPHONEOS_DEPLOYMENT_TARGET = 15.0;
				MTL_ENABLE_DEBUG_INFO = INCLUDE_SOURCE;
				MTL_FAST_MATH = YES;
				NEW_SETTING = "";
				ONLY_ACTIVE_ARCH = YES;
				SDKROOT = iphoneos;
				SWIFT_ACTIVE_COMPILATION_CONDITIONS = DEBUG;
				SWIFT_OPTIMIZATION_LEVEL = "-Onone";
			};
			name = Debug;
		};
		BB5C4688270C1506008D77AE /* Release */ = {
			isa = XCBuildConfiguration;
			buildSettings = {
				ALWAYS_SEARCH_USER_PATHS = NO;
				CLANG_ANALYZER_NONNULL = YES;
				CLANG_ANALYZER_NUMBER_OBJECT_CONVERSION = YES_AGGRESSIVE;
				CLANG_CXX_LANGUAGE_STANDARD = "gnu++17";
				CLANG_CXX_LIBRARY = "libc++";
				CLANG_ENABLE_MODULES = YES;
				CLANG_ENABLE_OBJC_ARC = YES;
				CLANG_ENABLE_OBJC_WEAK = YES;
				CLANG_WARN_BLOCK_CAPTURE_AUTORELEASING = YES;
				CLANG_WARN_BOOL_CONVERSION = YES;
				CLANG_WARN_COMMA = YES;
				CLANG_WARN_CONSTANT_CONVERSION = YES;
				CLANG_WARN_DEPRECATED_OBJC_IMPLEMENTATIONS = YES;
				CLANG_WARN_DIRECT_OBJC_ISA_USAGE = YES_ERROR;
				CLANG_WARN_DOCUMENTATION_COMMENTS = YES;
				CLANG_WARN_EMPTY_BODY = YES;
				CLANG_WARN_ENUM_CONVERSION = YES;
				CLANG_WARN_INFINITE_RECURSION = YES;
				CLANG_WARN_INT_CONVERSION = YES;
				CLANG_WARN_NON_LITERAL_NULL_CONVERSION = YES;
				CLANG_WARN_OBJC_IMPLICIT_RETAIN_SELF = YES;
				CLANG_WARN_OBJC_LITERAL_CONVERSION = YES;
				CLANG_WARN_OBJC_ROOT_CLASS = YES_ERROR;
				CLANG_WARN_QUOTED_INCLUDE_IN_FRAMEWORK_HEADER = YES;
				CLANG_WARN_RANGE_LOOP_ANALYSIS = YES;
				CLANG_WARN_STRICT_PROTOTYPES = YES;
				CLANG_WARN_SUSPICIOUS_MOVE = YES;
				CLANG_WARN_UNGUARDED_AVAILABILITY = YES_AGGRESSIVE;
				CLANG_WARN_UNREACHABLE_CODE = YES;
				CLANG_WARN__DUPLICATE_METHOD_MATCH = YES;
				COPY_PHASE_STRIP = NO;
				DEBUG_INFORMATION_FORMAT = "dwarf-with-dsym";
				ENABLE_NS_ASSERTIONS = NO;
				ENABLE_STRICT_OBJC_MSGSEND = YES;
				GCC_C_LANGUAGE_STANDARD = gnu11;
				GCC_NO_COMMON_BLOCKS = YES;
				GCC_WARN_64_TO_32_BIT_CONVERSION = YES;
				GCC_WARN_ABOUT_RETURN_TYPE = YES_ERROR;
				GCC_WARN_UNDECLARED_SELECTOR = YES;
				GCC_WARN_UNINITIALIZED_AUTOS = YES_AGGRESSIVE;
				GCC_WARN_UNUSED_FUNCTION = YES;
				GCC_WARN_UNUSED_VARIABLE = YES;
				IPHONEOS_DEPLOYMENT_TARGET = 15.0;
				MTL_ENABLE_DEBUG_INFO = NO;
				MTL_FAST_MATH = YES;
				NEW_SETTING = "";
				SDKROOT = iphoneos;
				SWIFT_COMPILATION_MODE = wholemodule;
				SWIFT_OPTIMIZATION_LEVEL = "-O";
				VALIDATE_PRODUCT = YES;
			};
			name = Release;
		};
		BB5C468A270C1506008D77AE /* Debug */ = {
			isa = XCBuildConfiguration;
			baseConfigurationReference = 13A1F5D42E9BEB26002C7F6E /* Config.xcconfig */;
			buildSettings = {
				ASSETCATALOG_COMPILER_APPICON_NAME = AppIcon;
				ASSETCATALOG_COMPILER_GLOBAL_ACCENT_COLOR_NAME = AccentColor;
				CODE_SIGN_IDENTITY = "Apple Development";
				CODE_SIGN_STYLE = Automatic;
				CURRENT_PROJECT_VERSION = 1;
				DEVELOPMENT_ASSET_PATHS = "\"wallet-app-ios/Preview Content\"";
				DEVELOPMENT_TEAM = BZA995XLF9;
				ENABLE_BITCODE = NO;
				ENABLE_PREVIEWS = YES;
				GENERATE_INFOPLIST_FILE = NO;
				INFOPLIST_FILE = "wallet-app-ios/Info.plist";
				INFOPLIST_KEY_NSBluetoothAlwaysUsageDescription = "Need bluetooth for proof exchange";
				INFOPLIST_KEY_NSCameraUsageDescription = "Use camera to scan QR Code";
				INFOPLIST_KEY_UIApplicationSceneManifest_Generation = YES;
				INFOPLIST_KEY_UIApplicationSupportsIndirectInputEvents = YES;
				INFOPLIST_KEY_UILaunchScreen_Generation = YES;
				INFOPLIST_KEY_UISupportedInterfaceOrientations = UIInterfaceOrientationPortrait;
				INFOPLIST_KEY_UISupportedInterfaceOrientations_iPad = "UIInterfaceOrientationPortrait UIInterfaceOrientationPortraitUpsideDown UIInterfaceOrientationLandscapeLeft UIInterfaceOrientationLandscapeRight";
				INFOPLIST_KEY_UISupportedInterfaceOrientations_iPhone = "UIInterfaceOrientationPortrait UIInterfaceOrientationLandscapeLeft UIInterfaceOrientationLandscapeRight";
				IPHONEOS_DEPLOYMENT_TARGET = 15.0;
				LD_RUNPATH_SEARCH_PATHS = (
					"$(inherited)",
					"@executable_path/Frameworks",
				);
				MARKETING_VERSION = 1.0;
				PRODUCT_BUNDLE_IDENTIFIER = br.gov.exemplo.app;
				PRODUCT_NAME = "$(TARGET_NAME)";
				PROVISIONING_PROFILE_SPECIFIER = "";
				SWIFT_EMIT_LOC_STRINGS = YES;
				SWIFT_VERSION = 5.0;
				TARGETED_DEVICE_FAMILY = 1;
			};
			name = Debug;
		};
		BB5C468B270C1506008D77AE /* Release */ = {
			isa = XCBuildConfiguration;
			buildSettings = {
				ASSETCATALOG_COMPILER_APPICON_NAME = AppIcon;
				ASSETCATALOG_COMPILER_GLOBAL_ACCENT_COLOR_NAME = AccentColor;
				CODE_SIGN_IDENTITY = "Apple Development";
				CODE_SIGN_STYLE = Automatic;
				CURRENT_PROJECT_VERSION = 1;
				DEVELOPMENT_ASSET_PATHS = "\"wallet-app-ios/Preview Content\"";
				DEVELOPMENT_TEAM = BZA995XLF9;
				ENABLE_BITCODE = NO;
				ENABLE_PREVIEWS = YES;
				GENERATE_INFOPLIST_FILE = NO;
				INFOPLIST_FILE = "wallet-app-ios/Info.plist";
				INFOPLIST_KEY_NSBluetoothAlwaysUsageDescription = "Need bluetooth for proof exchange";
				INFOPLIST_KEY_NSCameraUsageDescription = "Use camera to scan QR Code";
				INFOPLIST_KEY_UIApplicationSceneManifest_Generation = YES;
				INFOPLIST_KEY_UIApplicationSupportsIndirectInputEvents = YES;
				INFOPLIST_KEY_UILaunchScreen_Generation = YES;
				INFOPLIST_KEY_UISupportedInterfaceOrientations = UIInterfaceOrientationPortrait;
				INFOPLIST_KEY_UISupportedInterfaceOrientations_iPad = "UIInterfaceOrientationPortrait UIInterfaceOrientationPortraitUpsideDown UIInterfaceOrientationLandscapeLeft UIInterfaceOrientationLandscapeRight";
				INFOPLIST_KEY_UISupportedInterfaceOrientations_iPhone = "UIInterfaceOrientationPortrait UIInterfaceOrientationLandscapeLeft UIInterfaceOrientationLandscapeRight";
				IPHONEOS_DEPLOYMENT_TARGET = 15.0;
				LD_RUNPATH_SEARCH_PATHS = (
					"$(inherited)",
					"@executable_path/Frameworks",
				);
				MARKETING_VERSION = 1.0;
				PRODUCT_BUNDLE_IDENTIFIER = br.gov.exemplo.app;
				PRODUCT_NAME = "$(TARGET_NAME)";
				PROVISIONING_PROFILE_SPECIFIER = "";
				SWIFT_EMIT_LOC_STRINGS = YES;
				SWIFT_VERSION = 5.0;
				TARGETED_DEVICE_FAMILY = 1;
			};
			name = Release;
		};
/* End XCBuildConfiguration section */

/* Begin XCConfigurationList section */
		BB5C4676270C1500008D77AE /* Build configuration list for PBXProject "wallet-app-ios" */ = {
			isa = XCConfigurationList;
			buildConfigurations = (
				BB5C4687270C1506008D77AE /* Debug */,
				BB5C4688270C1506008D77AE /* Release */,
			);
			defaultConfigurationIsVisible = 0;
			defaultConfigurationName = Release;
		};
		BB5C4689270C1506008D77AE /* Build configuration list for PBXNativeTarget "wallet-app-ios" */ = {
			isa = XCConfigurationList;
			buildConfigurations = (
				BB5C468A270C1506008D77AE /* Debug */,
				BB5C468B270C1506008D77AE /* Release */,
			);
			defaultConfigurationIsVisible = 0;
			defaultConfigurationName = Release;
		};
/* End XCConfigurationList section */

/* Begin XCLocalSwiftPackageReference section */
		BB06E3002AFA12B800C4A04A /* XCLocalSwiftPackageReference ".." */ = {
			isa = XCLocalSwiftPackageReference;
			relativePath = ..;
		};
		136525772EEC40BA00B70F5D /* XCLocalSwiftPackageReference "../packages/anoncreds" */ = {
			isa = XCLocalSwiftPackageReference;
			relativePath = ../packages/anoncreds;
		};
		138397902EB1407500F55D72 /* XCLocalSwiftPackageReference "../packages/indy-besu" */ = {
			isa = XCLocalSwiftPackageReference;
			relativePath = "../packages/indy-besu";
		};
/* End XCLocalSwiftPackageReference section */

/* Begin XCRemoteSwiftPackageReference section */
		BB53D9E72952C958007D9952 /* XCRemoteSwiftPackageReference "CodeScanner" */ = {
			isa = XCRemoteSwiftPackageReference;
			repositoryURL = "https://github.com/twostraws/CodeScanner";
			requirement = {
				kind = upToNextMajorVersion;
				minimumVersion = 2.0.0;
			};
		};
/* End XCRemoteSwiftPackageReference section */

/* Begin XCSwiftPackageProductDependency section */
		136525782EEC40BA00B70F5D /* Anoncreds */ = {
			isa = XCSwiftPackageProductDependency;
			productName = Anoncreds;
		};
		138397912EB1407500F55D72 /* IndyBesu */ = {
			isa = XCSwiftPackageProductDependency;
			productName = IndyBesu;
		};
		BB06E2FE2AFA12B800C4A04A /* AriesFramework */ = {
			isa = XCSwiftPackageProductDependency;
			package = BB06E3002AFA12B800C4A04A /* XCLocalSwiftPackageReference ".." */;
			productName = AriesFramework;
		};
		BB53D9E82952C958007D9952 /* CodeScanner */ = {
			isa = XCSwiftPackageProductDependency;
			package = BB53D9E72952C958007D9952 /* XCRemoteSwiftPackageReference "CodeScanner" */;
			productName = CodeScanner;
		};
/* End XCSwiftPackageProductDependency section */
	};
	rootObject = BB5C4673270C1500008D77AE /* Project object */;
}
